
Microsoft Visual Studio Solution File, Format Version 12.00
# Visual Studio 14
VisualStudioVersion = 14.0.25420.1
MinimumVisualStudioVersion = 10.0.40219.1
Project("{2150E333-8FDC-42A3-9474-1A3956D46DE8}") = "Game", "Game", "{AE6574B2-D779-407C-868A-0F7639A7619A}"
EndProject
Project("{8BC9CEB8-8B4A-11D0-8D11-00A0C91BC942}") = "Game", "Code\Game\Game\Game.vcxproj", "{433FF686-9527-4C97-8EF4-060152A428B5}"
	ProjectSection(ProjectDependencies) = postProject
		{552B2876-037A-4A14-8E5B-D73907DF5322} = {552B2876-037A-4A14-8E5B-D73907DF5322}
		{1DBC6E80-4EB5-4390-8821-6C56520AD603} = {1DBC6E80-4EB5-4390-8821-6C56520AD603}
		{136761E4-C684-4AFF-BF27-E946FCF006A1} = {136761E4-C684-4AFF-BF27-E946FCF006A1}
		{6A910CEF-5FF8-43AB-BE9F-380D42C0C4C7} = {6A910CEF-5FF8-43AB-BE9F-380D42C0C4C7}
	EndProjectSection
EndProject
Project("{2150E333-8FDC-42A3-9474-1A3956D46DE8}") = "Tools", "Tools", "{706B430C-5DB4-48F4-A81B-4B0B51D59217}"
EndProject
Project("{8BC9CEB8-8B4A-11D0-8D11-00A0C91BC942}") = "AssetBuilder", "Code\Tools\AssetBuilder\AssetBuilder.vcxproj", "{ABF804FE-993A-43E2-A242-F3090A290B12}"
	ProjectSection(ProjectDependencies) = postProject
		{5F8004A7-75AD-49AC-85C7-96D9B9F19533} = {5F8004A7-75AD-49AC-85C7-96D9B9F19533}
		{6A910CEF-5FF8-43AB-BE9F-380D42C0C4C7} = {6A910CEF-5FF8-43AB-BE9F-380D42C0C4C7}
		{45CDCFF0-7F57-457F-9706-C3C15E7EA597} = {45CDCFF0-7F57-457F-9706-C3C15E7EA597}
	EndProjectSection
EndProject
Project("{8BC9CEB8-8B4A-11D0-8D11-00A0C91BC942}") = "BuildAssets", "Code\Game\BuildAssets\BuildAssets.vcxproj", "{3670C64E-AAA0-4056-BF89-744D0276F609}"
	ProjectSection(ProjectDependencies) = postProject
		{2D2C4F1C-7078-4512-85B8-C2A82962DFE5} = {2D2C4F1C-7078-4512-85B8-C2A82962DFE5}
		{CD9A0645-7234-4682-8DDA-83341B78BAAC} = {CD9A0645-7234-4682-8DDA-83341B78BAAC}
		{3B0CAD61-9E6C-4062-A59F-58908F1C0571} = {3B0CAD61-9E6C-4062-A59F-58908F1C0571}
		{EC809270-CE46-4204-A0F7-F88A6A4732E9} = {EC809270-CE46-4204-A0F7-F88A6A4732E9}
		{C9BDAC7C-C59A-4367-A21D-0FEDABB93012} = {C9BDAC7C-C59A-4367-A21D-0FEDABB93012}
		{DE18299E-57DD-420A-9219-31BCCE5A5BC0} = {DE18299E-57DD-420A-9219-31BCCE5A5BC0}
		{ABF804FE-993A-43E2-A242-F3090A290B12} = {ABF804FE-993A-43E2-A242-F3090A290B12}
	EndProjectSection
EndProject
Project("{2150E333-8FDC-42A3-9474-1A3956D46DE8}") = "Engine", "Engine", "{1AE00594-D85F-4A0B-ADE8-D241FDE887BB}"
EndProject
Project("{8BC9CEB8-8B4A-11D0-8D11-00A0C91BC942}") = "Graphics", "Code\Engine\Graphics\Graphics.vcxproj", "{1DBC6E80-4EB5-4390-8821-6C56520AD603}"
	ProjectSection(ProjectDependencies) = postProject
		{2FD26C29-C8F2-4769-9DDE-B9EA549E2821} = {2FD26C29-C8F2-4769-9DDE-B9EA549E2821}
		{9D4BFE8D-8818-4386-A112-B8674E51E067} = {9D4BFE8D-8818-4386-A112-B8674E51E067}
		{6A910CEF-5FF8-43AB-BE9F-380D42C0C4C7} = {6A910CEF-5FF8-43AB-BE9F-380D42C0C4C7}
		{45CDCFF0-7F57-457F-9706-C3C15E7EA597} = {45CDCFF0-7F57-457F-9706-C3C15E7EA597}
	EndProjectSection
EndProject
Project("{2150E333-8FDC-42A3-9474-1A3956D46DE8}") = "External", "External", "{0019D984-9784-48C1-9D80-6736CB474CCB}"
EndProject
Project("{8BC9CEB8-8B4A-11D0-8D11-00A0C91BC942}") = "Lua", "Code\External\Lua\Lua.vcxproj", "{45CDCFF0-7F57-457F-9706-C3C15E7EA597}"
EndProject
Project("{8BC9CEB8-8B4A-11D0-8D11-00A0C91BC942}") = "LuaC", "Code\External\Lua\LuaC.vcxproj", "{393119AF-5F33-4130-9BE8-8A59EEBED07E}"
	ProjectSection(ProjectDependencies) = postProject
		{45CDCFF0-7F57-457F-9706-C3C15E7EA597} = {45CDCFF0-7F57-457F-9706-C3C15E7EA597}
	EndProjectSection
EndProject
Project("{8BC9CEB8-8B4A-11D0-8D11-00A0C91BC942}") = "LuaExe", "Code\External\Lua\LuaExe.vcxproj", "{9653A255-0309-403F-9193-DE569343011F}"
	ProjectSection(ProjectDependencies) = postProject
		{45CDCFF0-7F57-457F-9706-C3C15E7EA597} = {45CDCFF0-7F57-457F-9706-C3C15E7EA597}
	EndProjectSection
EndProject
Project("{8BC9CEB8-8B4A-11D0-8D11-00A0C91BC942}") = "Windows", "Code\Engine\Windows\Windows.vcxproj", "{6A910CEF-5FF8-43AB-BE9F-380D42C0C4C7}"
EndProject
Project("{8BC9CEB8-8B4A-11D0-8D11-00A0C91BC942}") = "BuilderHelper", "Code\Tools\BuilderHelper\BuilderHelper.vcxproj", "{5F8004A7-75AD-49AC-85C7-96D9B9F19533}"
	ProjectSection(ProjectDependencies) = postProject
		{A51FBEE3-2C1B-4DBD-8C31-828672CBF95A} = {A51FBEE3-2C1B-4DBD-8C31-828672CBF95A}
	EndProjectSection
EndProject
Project("{8BC9CEB8-8B4A-11D0-8D11-00A0C91BC942}") = "GenericBuilder", "Code\Tools\GenericBuilder\GenericBuilder.vcxproj", "{C9BDAC7C-C59A-4367-A21D-0FEDABB93012}"
	ProjectSection(ProjectDependencies) = postProject
		{5F8004A7-75AD-49AC-85C7-96D9B9F19533} = {5F8004A7-75AD-49AC-85C7-96D9B9F19533}
		{6A910CEF-5FF8-43AB-BE9F-380D42C0C4C7} = {6A910CEF-5FF8-43AB-BE9F-380D42C0C4C7}
	EndProjectSection
EndProject
Project("{8BC9CEB8-8B4A-11D0-8D11-00A0C91BC942}") = "MeshBuilder", "Code\Tools\MeshBuilder\MeshBuilder.vcxproj", "{2D2C4F1C-7078-4512-85B8-C2A82962DFE5}"
	ProjectSection(ProjectDependencies) = postProject
		{1DBC6E80-4EB5-4390-8821-6C56520AD603} = {1DBC6E80-4EB5-4390-8821-6C56520AD603}
		{5F8004A7-75AD-49AC-85C7-96D9B9F19533} = {5F8004A7-75AD-49AC-85C7-96D9B9F19533}
		{6A910CEF-5FF8-43AB-BE9F-380D42C0C4C7} = {6A910CEF-5FF8-43AB-BE9F-380D42C0C4C7}
	EndProjectSection
EndProject
Project("{8BC9CEB8-8B4A-11D0-8D11-00A0C91BC942}") = "Debug_Runtime", "Code\Engine\Debug_Runtime\Debug_Runtime.vcxproj", "{9D4BFE8D-8818-4386-A112-B8674E51E067}"
EndProject
Project("{8BC9CEB8-8B4A-11D0-8D11-00A0C91BC942}") = "Debug_Buildtime", "Code\Tools\Debug_Buildtime\Debug_Buildtime.vcxproj", "{A51FBEE3-2C1B-4DBD-8C31-828672CBF95A}"
EndProject
Project("{8BC9CEB8-8B4A-11D0-8D11-00A0C91BC942}") = "Math", "Code\Engine\Math\Math.vcxproj", "{2FD26C29-C8F2-4769-9DDE-B9EA549E2821}"
EndProject
Project("{8BC9CEB8-8B4A-11D0-8D11-00A0C91BC942}") = "Time", "Code\Engine\Time\Time.vcxproj", "{136761E4-C684-4AFF-BF27-E946FCF006A1}"
	ProjectSection(ProjectDependencies) = postProject
		{6A910CEF-5FF8-43AB-BE9F-380D42C0C4C7} = {6A910CEF-5FF8-43AB-BE9F-380D42C0C4C7}
	EndProjectSection
EndProject
Project("{8BC9CEB8-8B4A-11D0-8D11-00A0C91BC942}") = "UserInput", "Code\Engine\UserInput\UserInput.vcxproj", "{552B2876-037A-4A14-8E5B-D73907DF5322}"
EndProject
Project("{8BC9CEB8-8B4A-11D0-8D11-00A0C91BC942}") = "EffectBuilder", "Code\Tools\EffectBuilder\EffectBuilder.vcxproj", "{CD9A0645-7234-4682-8DDA-83341B78BAAC}"
	ProjectSection(ProjectDependencies) = postProject
		{1DBC6E80-4EB5-4390-8821-6C56520AD603} = {1DBC6E80-4EB5-4390-8821-6C56520AD603}
		{A51FBEE3-2C1B-4DBD-8C31-828672CBF95A} = {A51FBEE3-2C1B-4DBD-8C31-828672CBF95A}
	EndProjectSection
EndProject
Project("{8BC9CEB8-8B4A-11D0-8D11-00A0C91BC942}") = "Mcpp", "Code\External\Mcpp\Mcpp.vcxproj", "{4228BC52-904F-4BA2-B78E-7BCB85068A82}"
EndProject
Project("{8BC9CEB8-8B4A-11D0-8D11-00A0C91BC942}") = "ShaderBuilder", "Code\Tools\ShaderBuilder\ShaderBuilder.vcxproj", "{EC809270-CE46-4204-A0F7-F88A6A4732E9}"
	ProjectSection(ProjectDependencies) = postProject
		{2D2C4F1C-7078-4512-85B8-C2A82962DFE5} = {2D2C4F1C-7078-4512-85B8-C2A82962DFE5}
		{4228BC52-904F-4BA2-B78E-7BCB85068A82} = {4228BC52-904F-4BA2-B78E-7BCB85068A82}
		{1DBC6E80-4EB5-4390-8821-6C56520AD603} = {1DBC6E80-4EB5-4390-8821-6C56520AD603}
		{A51FBEE3-2C1B-4DBD-8C31-828672CBF95A} = {A51FBEE3-2C1B-4DBD-8C31-828672CBF95A}
	EndProjectSection
EndProject
Project("{8BC9CEB8-8B4A-11D0-8D11-00A0C91BC942}") = "MayaMeshExporter", "Code\Tools\MayaMeshExporter\MayaMeshExporter.vcxproj", "{70B81970-5665-4429-B2B2-7F6FCED5AB84}"
EndProject
Project("{8BC9CEB8-8B4A-11D0-8D11-00A0C91BC942}") = "MaterialBuilder", "Code\Tools\MaterialBuilder\MaterialBuilder.vcxproj", "{3B0CAD61-9E6C-4062-A59F-58908F1C0571}"
	ProjectSection(ProjectDependencies) = postProject
		{1DBC6E80-4EB5-4390-8821-6C56520AD603} = {1DBC6E80-4EB5-4390-8821-6C56520AD603}
		{5F8004A7-75AD-49AC-85C7-96D9B9F19533} = {5F8004A7-75AD-49AC-85C7-96D9B9F19533}
		{A51FBEE3-2C1B-4DBD-8C31-828672CBF95A} = {A51FBEE3-2C1B-4DBD-8C31-828672CBF95A}
	EndProjectSection
EndProject
Project("{8BC9CEB8-8B4A-11D0-8D11-00A0C91BC942}") = "TextureBuilder", "Code\Tools\TextureBuilder\TextureBuilder.vcxproj", "{DE18299E-57DD-420A-9219-31BCCE5A5BC0}"
	ProjectSection(ProjectDependencies) = postProject
		{5F8004A7-75AD-49AC-85C7-96D9B9F19533} = {5F8004A7-75AD-49AC-85C7-96D9B9F19533}
	EndProjectSection
EndProject
Project("{8BC9CEB8-8B4A-11D0-8D11-00A0C91BC942}") = "Physics", "Code\Engine\Physics\Physics.vcxproj", "{9B63A8EE-F503-4BF6-88FE-A163EB4EF1DA}"
	ProjectSection(ProjectDependencies) = postProject
		{2FD26C29-C8F2-4769-9DDE-B9EA549E2821} = {2FD26C29-C8F2-4769-9DDE-B9EA549E2821}
		{1DBC6E80-4EB5-4390-8821-6C56520AD603} = {1DBC6E80-4EB5-4390-8821-6C56520AD603}
	EndProjectSection
EndProject
Global
	GlobalSection(SolutionConfigurationPlatforms) = preSolution
		Debug|Direct3D_64 = Debug|Direct3D_64
		Debug|OpenGL_32 = Debug|OpenGL_32
		Release|Direct3D_64 = Release|Direct3D_64
		Release|OpenGL_32 = Release|OpenGL_32
	EndGlobalSection
	GlobalSection(ProjectConfigurationPlatforms) = postSolution
		{433FF686-9527-4C97-8EF4-060152A428B5}.Debug|Direct3D_64.ActiveCfg = Debug|x64
		{433FF686-9527-4C97-8EF4-060152A428B5}.Debug|Direct3D_64.Build.0 = Debug|x64
		{433FF686-9527-4C97-8EF4-060152A428B5}.Debug|OpenGL_32.ActiveCfg = Debug|Win32
		{433FF686-9527-4C97-8EF4-060152A428B5}.Debug|OpenGL_32.Build.0 = Debug|Win32
		{433FF686-9527-4C97-8EF4-060152A428B5}.Release|Direct3D_64.ActiveCfg = Release|x64
		{433FF686-9527-4C97-8EF4-060152A428B5}.Release|Direct3D_64.Build.0 = Release|x64
		{433FF686-9527-4C97-8EF4-060152A428B5}.Release|OpenGL_32.ActiveCfg = Release|Win32
		{433FF686-9527-4C97-8EF4-060152A428B5}.Release|OpenGL_32.Build.0 = Release|Win32
		{ABF804FE-993A-43E2-A242-F3090A290B12}.Debug|Direct3D_64.ActiveCfg = Debug|x64
		{ABF804FE-993A-43E2-A242-F3090A290B12}.Debug|Direct3D_64.Build.0 = Debug|x64
		{ABF804FE-993A-43E2-A242-F3090A290B12}.Debug|OpenGL_32.ActiveCfg = Debug|Win32
		{ABF804FE-993A-43E2-A242-F3090A290B12}.Debug|OpenGL_32.Build.0 = Debug|Win32
		{ABF804FE-993A-43E2-A242-F3090A290B12}.Release|Direct3D_64.ActiveCfg = Release|x64
		{ABF804FE-993A-43E2-A242-F3090A290B12}.Release|Direct3D_64.Build.0 = Release|x64
		{ABF804FE-993A-43E2-A242-F3090A290B12}.Release|OpenGL_32.ActiveCfg = Release|Win32
		{ABF804FE-993A-43E2-A242-F3090A290B12}.Release|OpenGL_32.Build.0 = Release|Win32
		{3670C64E-AAA0-4056-BF89-744D0276F609}.Debug|Direct3D_64.ActiveCfg = Debug|x64
		{3670C64E-AAA0-4056-BF89-744D0276F609}.Debug|Direct3D_64.Build.0 = Debug|x64
		{3670C64E-AAA0-4056-BF89-744D0276F609}.Debug|OpenGL_32.ActiveCfg = Debug|Win32
		{3670C64E-AAA0-4056-BF89-744D0276F609}.Debug|OpenGL_32.Build.0 = Debug|Win32
		{3670C64E-AAA0-4056-BF89-744D0276F609}.Release|Direct3D_64.ActiveCfg = Release|x64
		{3670C64E-AAA0-4056-BF89-744D0276F609}.Release|Direct3D_64.Build.0 = Release|x64
		{3670C64E-AAA0-4056-BF89-744D0276F609}.Release|OpenGL_32.ActiveCfg = Release|Win32
		{3670C64E-AAA0-4056-BF89-744D0276F609}.Release|OpenGL_32.Build.0 = Release|Win32
		{1DBC6E80-4EB5-4390-8821-6C56520AD603}.Debug|Direct3D_64.ActiveCfg = Debug|x64
		{1DBC6E80-4EB5-4390-8821-6C56520AD603}.Debug|Direct3D_64.Build.0 = Debug|x64
		{1DBC6E80-4EB5-4390-8821-6C56520AD603}.Debug|OpenGL_32.ActiveCfg = Debug|Win32
		{1DBC6E80-4EB5-4390-8821-6C56520AD603}.Debug|OpenGL_32.Build.0 = Debug|Win32
		{1DBC6E80-4EB5-4390-8821-6C56520AD603}.Release|Direct3D_64.ActiveCfg = Release|x64
		{1DBC6E80-4EB5-4390-8821-6C56520AD603}.Release|Direct3D_64.Build.0 = Release|x64
		{1DBC6E80-4EB5-4390-8821-6C56520AD603}.Release|OpenGL_32.ActiveCfg = Release|Win32
		{1DBC6E80-4EB5-4390-8821-6C56520AD603}.Release|OpenGL_32.Build.0 = Release|Win32
		{45CDCFF0-7F57-457F-9706-C3C15E7EA597}.Debug|Direct3D_64.ActiveCfg = Debug|x64
		{45CDCFF0-7F57-457F-9706-C3C15E7EA597}.Debug|Direct3D_64.Build.0 = Debug|x64
		{45CDCFF0-7F57-457F-9706-C3C15E7EA597}.Debug|OpenGL_32.ActiveCfg = Debug|Win32
		{45CDCFF0-7F57-457F-9706-C3C15E7EA597}.Debug|OpenGL_32.Build.0 = Debug|Win32
		{45CDCFF0-7F57-457F-9706-C3C15E7EA597}.Release|Direct3D_64.ActiveCfg = Release|x64
		{45CDCFF0-7F57-457F-9706-C3C15E7EA597}.Release|Direct3D_64.Build.0 = Release|x64
		{45CDCFF0-7F57-457F-9706-C3C15E7EA597}.Release|OpenGL_32.ActiveCfg = Release|Win32
		{45CDCFF0-7F57-457F-9706-C3C15E7EA597}.Release|OpenGL_32.Build.0 = Release|Win32
		{393119AF-5F33-4130-9BE8-8A59EEBED07E}.Debug|Direct3D_64.ActiveCfg = Debug|x64
		{393119AF-5F33-4130-9BE8-8A59EEBED07E}.Debug|Direct3D_64.Build.0 = Debug|x64
		{393119AF-5F33-4130-9BE8-8A59EEBED07E}.Debug|OpenGL_32.ActiveCfg = Debug|Win32
		{393119AF-5F33-4130-9BE8-8A59EEBED07E}.Debug|OpenGL_32.Build.0 = Debug|Win32
		{393119AF-5F33-4130-9BE8-8A59EEBED07E}.Release|Direct3D_64.ActiveCfg = Release|x64
		{393119AF-5F33-4130-9BE8-8A59EEBED07E}.Release|Direct3D_64.Build.0 = Release|x64
		{393119AF-5F33-4130-9BE8-8A59EEBED07E}.Release|OpenGL_32.ActiveCfg = Release|Win32
		{393119AF-5F33-4130-9BE8-8A59EEBED07E}.Release|OpenGL_32.Build.0 = Release|Win32
		{9653A255-0309-403F-9193-DE569343011F}.Debug|Direct3D_64.ActiveCfg = Debug|x64
		{9653A255-0309-403F-9193-DE569343011F}.Debug|Direct3D_64.Build.0 = Debug|x64
		{9653A255-0309-403F-9193-DE569343011F}.Debug|OpenGL_32.ActiveCfg = Debug|Win32
		{9653A255-0309-403F-9193-DE569343011F}.Debug|OpenGL_32.Build.0 = Debug|Win32
		{9653A255-0309-403F-9193-DE569343011F}.Release|Direct3D_64.ActiveCfg = Release|x64
		{9653A255-0309-403F-9193-DE569343011F}.Release|Direct3D_64.Build.0 = Release|x64
		{9653A255-0309-403F-9193-DE569343011F}.Release|OpenGL_32.ActiveCfg = Release|Win32
		{9653A255-0309-403F-9193-DE569343011F}.Release|OpenGL_32.Build.0 = Release|Win32
		{6A910CEF-5FF8-43AB-BE9F-380D42C0C4C7}.Debug|Direct3D_64.ActiveCfg = Debug|x64
		{6A910CEF-5FF8-43AB-BE9F-380D42C0C4C7}.Debug|Direct3D_64.Build.0 = Debug|x64
		{6A910CEF-5FF8-43AB-BE9F-380D42C0C4C7}.Debug|OpenGL_32.ActiveCfg = Debug|Win32
		{6A910CEF-5FF8-43AB-BE9F-380D42C0C4C7}.Debug|OpenGL_32.Build.0 = Debug|Win32
		{6A910CEF-5FF8-43AB-BE9F-380D42C0C4C7}.Release|Direct3D_64.ActiveCfg = Release|x64
		{6A910CEF-5FF8-43AB-BE9F-380D42C0C4C7}.Release|Direct3D_64.Build.0 = Release|x64
		{6A910CEF-5FF8-43AB-BE9F-380D42C0C4C7}.Release|OpenGL_32.ActiveCfg = Release|Win32
		{6A910CEF-5FF8-43AB-BE9F-380D42C0C4C7}.Release|OpenGL_32.Build.0 = Release|Win32
		{5F8004A7-75AD-49AC-85C7-96D9B9F19533}.Debug|Direct3D_64.ActiveCfg = Debug|x64
		{5F8004A7-75AD-49AC-85C7-96D9B9F19533}.Debug|Direct3D_64.Build.0 = Debug|x64
		{5F8004A7-75AD-49AC-85C7-96D9B9F19533}.Debug|OpenGL_32.ActiveCfg = Debug|Win32
		{5F8004A7-75AD-49AC-85C7-96D9B9F19533}.Debug|OpenGL_32.Build.0 = Debug|Win32
		{5F8004A7-75AD-49AC-85C7-96D9B9F19533}.Release|Direct3D_64.ActiveCfg = Release|x64
		{5F8004A7-75AD-49AC-85C7-96D9B9F19533}.Release|Direct3D_64.Build.0 = Release|x64
		{5F8004A7-75AD-49AC-85C7-96D9B9F19533}.Release|OpenGL_32.ActiveCfg = Release|Win32
		{5F8004A7-75AD-49AC-85C7-96D9B9F19533}.Release|OpenGL_32.Build.0 = Release|Win32
		{C9BDAC7C-C59A-4367-A21D-0FEDABB93012}.Debug|Direct3D_64.ActiveCfg = Debug|x64
		{C9BDAC7C-C59A-4367-A21D-0FEDABB93012}.Debug|Direct3D_64.Build.0 = Debug|x64
		{C9BDAC7C-C59A-4367-A21D-0FEDABB93012}.Debug|OpenGL_32.ActiveCfg = Debug|Win32
		{C9BDAC7C-C59A-4367-A21D-0FEDABB93012}.Debug|OpenGL_32.Build.0 = Debug|Win32
		{C9BDAC7C-C59A-4367-A21D-0FEDABB93012}.Release|Direct3D_64.ActiveCfg = Release|x64
		{C9BDAC7C-C59A-4367-A21D-0FEDABB93012}.Release|Direct3D_64.Build.0 = Release|x64
		{C9BDAC7C-C59A-4367-A21D-0FEDABB93012}.Release|OpenGL_32.ActiveCfg = Release|Win32
		{C9BDAC7C-C59A-4367-A21D-0FEDABB93012}.Release|OpenGL_32.Build.0 = Release|Win32
		{2D2C4F1C-7078-4512-85B8-C2A82962DFE5}.Debug|Direct3D_64.ActiveCfg = Debug|x64
		{2D2C4F1C-7078-4512-85B8-C2A82962DFE5}.Debug|Direct3D_64.Build.0 = Debug|x64
		{2D2C4F1C-7078-4512-85B8-C2A82962DFE5}.Debug|OpenGL_32.ActiveCfg = Debug|Win32
		{2D2C4F1C-7078-4512-85B8-C2A82962DFE5}.Debug|OpenGL_32.Build.0 = Debug|Win32
		{2D2C4F1C-7078-4512-85B8-C2A82962DFE5}.Release|Direct3D_64.ActiveCfg = Release|x64
		{2D2C4F1C-7078-4512-85B8-C2A82962DFE5}.Release|Direct3D_64.Build.0 = Release|x64
		{2D2C4F1C-7078-4512-85B8-C2A82962DFE5}.Release|OpenGL_32.ActiveCfg = Release|Win32
		{2D2C4F1C-7078-4512-85B8-C2A82962DFE5}.Release|OpenGL_32.Build.0 = Release|Win32
		{9D4BFE8D-8818-4386-A112-B8674E51E067}.Debug|Direct3D_64.ActiveCfg = Debug|x64
		{9D4BFE8D-8818-4386-A112-B8674E51E067}.Debug|Direct3D_64.Build.0 = Debug|x64
		{9D4BFE8D-8818-4386-A112-B8674E51E067}.Debug|OpenGL_32.ActiveCfg = Debug|Win32
		{9D4BFE8D-8818-4386-A112-B8674E51E067}.Debug|OpenGL_32.Build.0 = Debug|Win32
		{9D4BFE8D-8818-4386-A112-B8674E51E067}.Release|Direct3D_64.ActiveCfg = Release|x64
		{9D4BFE8D-8818-4386-A112-B8674E51E067}.Release|Direct3D_64.Build.0 = Release|x64
		{9D4BFE8D-8818-4386-A112-B8674E51E067}.Release|OpenGL_32.ActiveCfg = Release|Win32
		{9D4BFE8D-8818-4386-A112-B8674E51E067}.Release|OpenGL_32.Build.0 = Release|Win32
		{A51FBEE3-2C1B-4DBD-8C31-828672CBF95A}.Debug|Direct3D_64.ActiveCfg = Debug|x64
		{A51FBEE3-2C1B-4DBD-8C31-828672CBF95A}.Debug|Direct3D_64.Build.0 = Debug|x64
		{A51FBEE3-2C1B-4DBD-8C31-828672CBF95A}.Debug|OpenGL_32.ActiveCfg = Debug|Win32
		{A51FBEE3-2C1B-4DBD-8C31-828672CBF95A}.Debug|OpenGL_32.Build.0 = Debug|Win32
		{A51FBEE3-2C1B-4DBD-8C31-828672CBF95A}.Release|Direct3D_64.ActiveCfg = Release|x64
		{A51FBEE3-2C1B-4DBD-8C31-828672CBF95A}.Release|Direct3D_64.Build.0 = Release|x64
		{A51FBEE3-2C1B-4DBD-8C31-828672CBF95A}.Release|OpenGL_32.ActiveCfg = Release|Win32
		{A51FBEE3-2C1B-4DBD-8C31-828672CBF95A}.Release|OpenGL_32.Build.0 = Release|Win32
		{2FD26C29-C8F2-4769-9DDE-B9EA549E2821}.Debug|Direct3D_64.ActiveCfg = Debug|x64
		{2FD26C29-C8F2-4769-9DDE-B9EA549E2821}.Debug|Direct3D_64.Build.0 = Debug|x64
		{2FD26C29-C8F2-4769-9DDE-B9EA549E2821}.Debug|OpenGL_32.ActiveCfg = Debug|Win32
		{2FD26C29-C8F2-4769-9DDE-B9EA549E2821}.Debug|OpenGL_32.Build.0 = Debug|Win32
		{2FD26C29-C8F2-4769-9DDE-B9EA549E2821}.Release|Direct3D_64.ActiveCfg = Release|x64
		{2FD26C29-C8F2-4769-9DDE-B9EA549E2821}.Release|Direct3D_64.Build.0 = Release|x64
		{2FD26C29-C8F2-4769-9DDE-B9EA549E2821}.Release|OpenGL_32.ActiveCfg = Release|Win32
		{2FD26C29-C8F2-4769-9DDE-B9EA549E2821}.Release|OpenGL_32.Build.0 = Release|Win32
		{136761E4-C684-4AFF-BF27-E946FCF006A1}.Debug|Direct3D_64.ActiveCfg = Debug|x64
		{136761E4-C684-4AFF-BF27-E946FCF006A1}.Debug|Direct3D_64.Build.0 = Debug|x64
		{136761E4-C684-4AFF-BF27-E946FCF006A1}.Debug|OpenGL_32.ActiveCfg = Debug|Win32
		{136761E4-C684-4AFF-BF27-E946FCF006A1}.Debug|OpenGL_32.Build.0 = Debug|Win32
		{136761E4-C684-4AFF-BF27-E946FCF006A1}.Release|Direct3D_64.ActiveCfg = Release|x64
		{136761E4-C684-4AFF-BF27-E946FCF006A1}.Release|Direct3D_64.Build.0 = Release|x64
		{136761E4-C684-4AFF-BF27-E946FCF006A1}.Release|OpenGL_32.ActiveCfg = Release|Win32
		{136761E4-C684-4AFF-BF27-E946FCF006A1}.Release|OpenGL_32.Build.0 = Release|Win32
		{552B2876-037A-4A14-8E5B-D73907DF5322}.Debug|Direct3D_64.ActiveCfg = Debug|x64
		{552B2876-037A-4A14-8E5B-D73907DF5322}.Debug|Direct3D_64.Build.0 = Debug|x64
		{552B2876-037A-4A14-8E5B-D73907DF5322}.Debug|OpenGL_32.ActiveCfg = Debug|Win32
		{552B2876-037A-4A14-8E5B-D73907DF5322}.Debug|OpenGL_32.Build.0 = Debug|Win32
		{552B2876-037A-4A14-8E5B-D73907DF5322}.Release|Direct3D_64.ActiveCfg = Release|x64
		{552B2876-037A-4A14-8E5B-D73907DF5322}.Release|Direct3D_64.Build.0 = Release|x64
		{552B2876-037A-4A14-8E5B-D73907DF5322}.Release|OpenGL_32.ActiveCfg = Release|Win32
		{552B2876-037A-4A14-8E5B-D73907DF5322}.Release|OpenGL_32.Build.0 = Release|Win32
		{CD9A0645-7234-4682-8DDA-83341B78BAAC}.Debug|Direct3D_64.ActiveCfg = Debug|x64
		{CD9A0645-7234-4682-8DDA-83341B78BAAC}.Debug|Direct3D_64.Build.0 = Debug|x64
		{CD9A0645-7234-4682-8DDA-83341B78BAAC}.Debug|OpenGL_32.ActiveCfg = Debug|Win32
		{CD9A0645-7234-4682-8DDA-83341B78BAAC}.Debug|OpenGL_32.Build.0 = Debug|Win32
		{CD9A0645-7234-4682-8DDA-83341B78BAAC}.Release|Direct3D_64.ActiveCfg = Release|x64
		{CD9A0645-7234-4682-8DDA-83341B78BAAC}.Release|Direct3D_64.Build.0 = Release|x64
		{CD9A0645-7234-4682-8DDA-83341B78BAAC}.Release|OpenGL_32.ActiveCfg = Release|Win32
		{CD9A0645-7234-4682-8DDA-83341B78BAAC}.Release|OpenGL_32.Build.0 = Release|Win32
		{4228BC52-904F-4BA2-B78E-7BCB85068A82}.Debug|Direct3D_64.ActiveCfg = Debug|x64
		{4228BC52-904F-4BA2-B78E-7BCB85068A82}.Debug|Direct3D_64.Build.0 = Debug|x64
		{4228BC52-904F-4BA2-B78E-7BCB85068A82}.Debug|OpenGL_32.ActiveCfg = Debug|Win32
		{4228BC52-904F-4BA2-B78E-7BCB85068A82}.Debug|OpenGL_32.Build.0 = Debug|Win32
		{4228BC52-904F-4BA2-B78E-7BCB85068A82}.Release|Direct3D_64.ActiveCfg = Release|x64
		{4228BC52-904F-4BA2-B78E-7BCB85068A82}.Release|Direct3D_64.Build.0 = Release|x64
		{4228BC52-904F-4BA2-B78E-7BCB85068A82}.Release|OpenGL_32.ActiveCfg = Release|Win32
		{4228BC52-904F-4BA2-B78E-7BCB85068A82}.Release|OpenGL_32.Build.0 = Release|Win32
		{EC809270-CE46-4204-A0F7-F88A6A4732E9}.Debug|Direct3D_64.ActiveCfg = Debug|x64
		{EC809270-CE46-4204-A0F7-F88A6A4732E9}.Debug|Direct3D_64.Build.0 = Debug|x64
		{EC809270-CE46-4204-A0F7-F88A6A4732E9}.Debug|OpenGL_32.ActiveCfg = Debug|Win32
		{EC809270-CE46-4204-A0F7-F88A6A4732E9}.Debug|OpenGL_32.Build.0 = Debug|Win32
		{EC809270-CE46-4204-A0F7-F88A6A4732E9}.Release|Direct3D_64.ActiveCfg = Release|x64
		{EC809270-CE46-4204-A0F7-F88A6A4732E9}.Release|Direct3D_64.Build.0 = Release|x64
		{EC809270-CE46-4204-A0F7-F88A6A4732E9}.Release|OpenGL_32.ActiveCfg = Release|Win32
		{EC809270-CE46-4204-A0F7-F88A6A4732E9}.Release|OpenGL_32.Build.0 = Release|Win32
		{70B81970-5665-4429-B2B2-7F6FCED5AB84}.Debug|Direct3D_64.ActiveCfg = Debug|x64
		{70B81970-5665-4429-B2B2-7F6FCED5AB84}.Debug|Direct3D_64.Build.0 = Debug|x64
		{70B81970-5665-4429-B2B2-7F6FCED5AB84}.Debug|OpenGL_32.ActiveCfg = Debug|x64
		{70B81970-5665-4429-B2B2-7F6FCED5AB84}.Debug|OpenGL_32.Build.0 = Debug|x64
		{70B81970-5665-4429-B2B2-7F6FCED5AB84}.Release|Direct3D_64.ActiveCfg = Release|x64
		{70B81970-5665-4429-B2B2-7F6FCED5AB84}.Release|Direct3D_64.Build.0 = Release|x64
		{70B81970-5665-4429-B2B2-7F6FCED5AB84}.Release|OpenGL_32.ActiveCfg = Release|x64
		{70B81970-5665-4429-B2B2-7F6FCED5AB84}.Release|OpenGL_32.Build.0 = Release|x64
		{3B0CAD61-9E6C-4062-A59F-58908F1C0571}.Debug|Direct3D_64.ActiveCfg = Debug|x64
		{3B0CAD61-9E6C-4062-A59F-58908F1C0571}.Debug|Direct3D_64.Build.0 = Debug|x64
		{3B0CAD61-9E6C-4062-A59F-58908F1C0571}.Debug|OpenGL_32.ActiveCfg = Debug|Win32
		{3B0CAD61-9E6C-4062-A59F-58908F1C0571}.Debug|OpenGL_32.Build.0 = Debug|Win32
		{3B0CAD61-9E6C-4062-A59F-58908F1C0571}.Release|Direct3D_64.ActiveCfg = Release|x64
		{3B0CAD61-9E6C-4062-A59F-58908F1C0571}.Release|Direct3D_64.Build.0 = Release|x64
		{3B0CAD61-9E6C-4062-A59F-58908F1C0571}.Release|OpenGL_32.ActiveCfg = Release|Win32
		{3B0CAD61-9E6C-4062-A59F-58908F1C0571}.Release|OpenGL_32.Build.0 = Release|Win32
		{DE18299E-57DD-420A-9219-31BCCE5A5BC0}.Debug|Direct3D_64.ActiveCfg = Debug|x64
		{DE18299E-57DD-420A-9219-31BCCE5A5BC0}.Debug|Direct3D_64.Build.0 = Debug|x64
		{DE18299E-57DD-420A-9219-31BCCE5A5BC0}.Debug|OpenGL_32.ActiveCfg = Debug|Win32
		{DE18299E-57DD-420A-9219-31BCCE5A5BC0}.Debug|OpenGL_32.Build.0 = Debug|Win32
		{DE18299E-57DD-420A-9219-31BCCE5A5BC0}.Release|Direct3D_64.ActiveCfg = Release|x64
		{DE18299E-57DD-420A-9219-31BCCE5A5BC0}.Release|Direct3D_64.Build.0 = Release|x64
		{DE18299E-57DD-420A-9219-31BCCE5A5BC0}.Release|OpenGL_32.ActiveCfg = Release|Win32
		{DE18299E-57DD-420A-9219-31BCCE5A5BC0}.Release|OpenGL_32.Build.0 = Release|Win32
		{9B63A8EE-F503-4BF6-88FE-A163EB4EF1DA}.Debug|Direct3D_64.ActiveCfg = Debug|Win32
		{9B63A8EE-F503-4BF6-88FE-A163EB4EF1DA}.Debug|OpenGL_32.ActiveCfg = Debug|Win32
		{9B63A8EE-F503-4BF6-88FE-A163EB4EF1DA}.Release|Direct3D_64.ActiveCfg = Release|x64
		{9B63A8EE-F503-4BF6-88FE-A163EB4EF1DA}.Release|Direct3D_64.Build.0 = Release|x64
		{9B63A8EE-F503-4BF6-88FE-A163EB4EF1DA}.Release|OpenGL_32.ActiveCfg = Release|Win32
		{9B63A8EE-F503-4BF6-88FE-A163EB4EF1DA}.Release|OpenGL_32.Build.0 = Release|Win32
	EndGlobalSection
	GlobalSection(SolutionProperties) = preSolution
		HideSolutionNode = FALSE
	EndGlobalSection
	GlobalSection(NestedProjects) = preSolution
		{433FF686-9527-4C97-8EF4-060152A428B5} = {AE6574B2-D779-407C-868A-0F7639A7619A}
		{ABF804FE-993A-43E2-A242-F3090A290B12} = {706B430C-5DB4-48F4-A81B-4B0B51D59217}
		{3670C64E-AAA0-4056-BF89-744D0276F609} = {AE6574B2-D779-407C-868A-0F7639A7619A}
		{1DBC6E80-4EB5-4390-8821-6C56520AD603} = {1AE00594-D85F-4A0B-ADE8-D241FDE887BB}
		{45CDCFF0-7F57-457F-9706-C3C15E7EA597} = {0019D984-9784-48C1-9D80-6736CB474CCB}
		{393119AF-5F33-4130-9BE8-8A59EEBED07E} = {0019D984-9784-48C1-9D80-6736CB474CCB}
		{9653A255-0309-403F-9193-DE569343011F} = {0019D984-9784-48C1-9D80-6736CB474CCB}
		{6A910CEF-5FF8-43AB-BE9F-380D42C0C4C7} = {1AE00594-D85F-4A0B-ADE8-D241FDE887BB}
		{5F8004A7-75AD-49AC-85C7-96D9B9F19533} = {706B430C-5DB4-48F4-A81B-4B0B51D59217}
		{C9BDAC7C-C59A-4367-A21D-0FEDABB93012} = {706B430C-5DB4-48F4-A81B-4B0B51D59217}
		{2D2C4F1C-7078-4512-85B8-C2A82962DFE5} = {706B430C-5DB4-48F4-A81B-4B0B51D59217}
		{9D4BFE8D-8818-4386-A112-B8674E51E067} = {1AE00594-D85F-4A0B-ADE8-D241FDE887BB}
		{A51FBEE3-2C1B-4DBD-8C31-828672CBF95A} = {706B430C-5DB4-48F4-A81B-4B0B51D59217}
		{2FD26C29-C8F2-4769-9DDE-B9EA549E2821} = {1AE00594-D85F-4A0B-ADE8-D241FDE887BB}
		{136761E4-C684-4AFF-BF27-E946FCF006A1} = {1AE00594-D85F-4A0B-ADE8-D241FDE887BB}
		{552B2876-037A-4A14-8E5B-D73907DF5322} = {1AE00594-D85F-4A0B-ADE8-D241FDE887BB}
		{CD9A0645-7234-4682-8DDA-83341B78BAAC} = {706B430C-5DB4-48F4-A81B-4B0B51D59217}
		{4228BC52-904F-4BA2-B78E-7BCB85068A82} = {0019D984-9784-48C1-9D80-6736CB474CCB}
		{EC809270-CE46-4204-A0F7-F88A6A4732E9} = {706B430C-5DB4-48F4-A81B-4B0B51D59217}
		{70B81970-5665-4429-B2B2-7F6FCED5AB84} = {706B430C-5DB4-48F4-A81B-4B0B51D59217}
		{3B0CAD61-9E6C-4062-A59F-58908F1C0571} = {706B430C-5DB4-48F4-A81B-4B0B51D59217}
		{DE18299E-57DD-420A-9219-31BCCE5A5BC0} = {706B430C-5DB4-48F4-A81B-4B0B51D59217}
		{9B63A8EE-F503-4BF6-88FE-A163EB4EF1DA} = {1AE00594-D85F-4A0B-ADE8-D241FDE887BB}
	EndGlobalSection
EndGlobal
