<?xml version="1.0" encoding="utf-8"?>
<Project ToolsVersion="4.0" xmlns="http://schemas.microsoft.com/developer/msbuild/2003">
  <ItemGroup>
    <ClCompile Include="EntryPoint.cpp" />
    <ClCompile Include="HelperFunctions.cpp" />
    <ClCompile Include="Windows\WindowsFunctions.cpp">
      <Filter>Windows</Filter>
    </ClCompile>
  </ItemGroup>
  <ItemGroup>
    <ClInclude Include="HelperFunctions.h" />
    <ClInclude Include="Windows\WindowsFunctions.h">
      <Filter>Windows</Filter>
    </ClInclude>
    <ClInclude Include="Windows\WindowsIncludes.h">
      <Filter>Windows</Filter>
    </ClInclude>
  </ItemGroup>
  <ItemGroup>
    <Filter Include="Windows">
      <UniqueIdentifier>{0861e144-886d-4163-aeb3-6aed8edf5216}</UniqueIdentifier>
    </Filter>
  </ItemGroup>
</Project>